{
  "name": "termooo_bot",
  "version": "1.0.0",
  "lockfileVersion": 1,
  "requires": true,
  "dependencies": {
    "@types/node": {
      "version": "17.0.17",
      "resolved": "https://repo.tools.corp/artifactory/api/npm/npm/@types/node/-/node-17.0.17.tgz",
      "integrity": "sha1-qN324MI0FxjXTuPcQToToELEWgw=",
      "dev": true
    },
    "axios": {
      "version": "0.25.0",
      "resolved": "https://repo.tools.corp/artifactory/api/npm/npm/axios/-/axios-0.25.0.tgz",
      "integrity": "sha1-NJz7sxMxqbRFMZB5F2Co01sJPgo=",
      "requires": {
        "follow-redirects": "^1.14.7"
      }
    },
    "data-uri-to-buffer": {
      "version": "4.0.0",
      "resolved": "https://repo.tools.corp/artifactory/api/npm/npm/data-uri-to-buffer/-/data-uri-to-buffer-4.0.0.tgz",
      "integrity": "sha1-tdtGrqUPYXZCisBbc745pXcBpks="
    },
    "fetch-blob": {
      "version": "3.1.4",
      "resolved": "https://repo.tools.corp/artifactory/api/npm/npm/fetch-blob/-/fetch-blob-3.1.4.tgz",
      "integrity": "sha1-6MZWf4Ctf8Iv0wLn3Lcrr96cFxc=",
      "requires": {
        "node-domexception": "^1.0.0",
        "web-streams-polyfill": "^3.0.3"
      }
    },
    "follow-redirects": {
      "version": "1.14.8",
      "resolved": "https://repo.tools.corp/artifactory/api/npm/npm/follow-redirects/-/follow-redirects-1.14.8.tgz",
      "integrity": "sha1-AWmW+5oRoQBWY5ixxoOTN9e/qPw="
    },
    "formdata-polyfill": {
      "version": "4.0.10",
      "resolved": "https://repo.tools.corp/artifactory/api/npm/npm/formdata-polyfill/-/formdata-polyfill-4.0.10.tgz",
      "integrity": "sha1-JIB8McnUAuACqz2McgFEzriEhCM=",
      "requires": {
        "fetch-blob": "^3.1.2"
      }
    },
    "node-domexception": {
      "version": "1.0.0",
      "resolved": "https://repo.tools.corp/artifactory/api/npm/npm/node-domexception/-/node-domexception-1.0.0.tgz",
      "integrity": "sha1-aIjbRqH3HAt2s/dVUBa2P+ZHZuU="
    },
    "node-fetch": {
      "version": "3.2.0",
      "resolved": "https://repo.tools.corp/artifactory/api/npm/npm/node-fetch/-/node-fetch-3.2.0.tgz",
      "integrity": "sha1-WTkNtOSJGE+jXUt0yvVRDo37rzs=",
      "requires": {
        "data-uri-to-buffer": "^4.0.0",
        "fetch-blob": "^3.1.4",
        "formdata-polyfill": "^4.0.10"
      }
    },
    "typescript": {
      "version": "4.5.5",
      "resolved": "https://repo.tools.corp/artifactory/api/npm/npm/typescript/-/typescript-4.5.5.tgz",
      "integrity": "sha1-2MlTgy0okkqePTfHPXKchGxYlvM="
    },
    "web-streams-polyfill": {
      "version": "3.2.0",
      "resolved": "https://repo.tools.corp/artifactory/api/npm/npm/web-streams-polyfill/-/web-streams-polyfill-3.2.0.tgz",
      "integrity": "sha1-prdAJrOOSIWGn7XFiekLlcz8eWU="
    }
  }
}
